
Microsoft Visual Studio Solution File, Format Version 12.00
# Visual Studio Version 17
VisualStudioVersion = 17.11.35222.181
MinimumVisualStudioVersion = 10.0.40219.1
Project("{A07B5EB6-E848-4116-A8D0-A826331D98C6}") = "BookStore", "BookStore\BookStore.sfproj", "{E934FF81-AF3B-49C6-B106-DB2714B3991A}"
EndProject
Project("{FAE04EC0-301F-11D3-BF4B-00C04F79EFBC}") = "BookStoreService", "BookStoreService\BookStoreService.csproj", "{37F9282F-8CEE-4533-92B6-E4A49F6D776A}"
EndProject
Project("{FAE04EC0-301F-11D3-BF4B-00C04F79EFBC}") = "BankService", "BankService\BankService.csproj", "{050E4A72-7F29-4868-B260-C9002AB18299}"
EndProject
Project("{FAE04EC0-301F-11D3-BF4B-00C04F79EFBC}") = "ValidationService", "ValidationService\ValidationService.csproj", "{BC9EDF7D-BD70-4E8F-98C5-FE01290E840C}"
EndProject
Project("{FAE04EC0-301F-11D3-BF4B-00C04F79EFBC}") = "TransactionCoordinator", "TransactionCoordinator\TransactionCoordinator.csproj", "{D80D3B1D-4982-4A20-A63E-31759B035BE2}"
EndProject
Global
	GlobalSection(SolutionConfigurationPlatforms) = preSolution
		Debug|Any CPU = Debug|Any CPU
		Debug|x64 = Debug|x64
		Release|Any CPU = Release|Any CPU
		Release|x64 = Release|x64
	EndGlobalSection
	GlobalSection(ProjectConfigurationPlatforms) = postSolution
		{E934FF81-AF3B-49C6-B106-DB2714B3991A}.Debug|Any CPU.ActiveCfg = Debug|x64
		{E934FF81-AF3B-49C6-B106-DB2714B3991A}.Debug|Any CPU.Build.0 = Debug|x64
		{E934FF81-AF3B-49C6-B106-DB2714B3991A}.Debug|Any CPU.Deploy.0 = Debug|x64
		{E934FF81-AF3B-49C6-B106-DB2714B3991A}.Debug|x64.ActiveCfg = Debug|x64
		{E934FF81-AF3B-49C6-B106-DB2714B3991A}.Debug|x64.Build.0 = Debug|x64
		{E934FF81-AF3B-49C6-B106-DB2714B3991A}.Debug|x64.Deploy.0 = Debug|x64
		{E934FF81-AF3B-49C6-B106-DB2714B3991A}.Release|Any CPU.ActiveCfg = Release|x64
		{E934FF81-AF3B-49C6-B106-DB2714B3991A}.Release|Any CPU.Build.0 = Release|x64
		{E934FF81-AF3B-49C6-B106-DB2714B3991A}.Release|Any CPU.Deploy.0 = Release|x64
		{E934FF81-AF3B-49C6-B106-DB2714B3991A}.Release|x64.ActiveCfg = Release|x64
		{E934FF81-AF3B-49C6-B106-DB2714B3991A}.Release|x64.Build.0 = Release|x64
		{E934FF81-AF3B-49C6-B106-DB2714B3991A}.Release|x64.Deploy.0 = Release|x64
		{37F9282F-8CEE-4533-92B6-E4A49F6D776A}.Debug|Any CPU.ActiveCfg = Debug|Any CPU
		{37F9282F-8CEE-4533-92B6-E4A49F6D776A}.Debug|Any CPU.Build.0 = Debug|Any CPU
		{37F9282F-8CEE-4533-92B6-E4A49F6D776A}.Debug|x64.ActiveCfg = Debug|Any CPU
		{37F9282F-8CEE-4533-92B6-E4A49F6D776A}.Debug|x64.Build.0 = Debug|Any CPU
		{37F9282F-8CEE-4533-92B6-E4A49F6D776A}.Release|Any CPU.ActiveCfg = Release|Any CPU
		{37F9282F-8CEE-4533-92B6-E4A49F6D776A}.Release|Any CPU.Build.0 = Release|Any CPU
		{37F9282F-8CEE-4533-92B6-E4A49F6D776A}.Release|x64.ActiveCfg = Release|Any CPU
		{37F9282F-8CEE-4533-92B6-E4A49F6D776A}.Release|x64.Build.0 = Release|Any CPU
		{050E4A72-7F29-4868-B260-C9002AB18299}.Debug|Any CPU.ActiveCfg = Debug|Any CPU
		{050E4A72-7F29-4868-B260-C9002AB18299}.Debug|Any CPU.Build.0 = Debug|Any CPU
		{050E4A72-7F29-4868-B260-C9002AB18299}.Debug|x64.ActiveCfg = Debug|Any CPU
		{050E4A72-7F29-4868-B260-C9002AB18299}.Debug|x64.Build.0 = Debug|Any CPU
		{050E4A72-7F29-4868-B260-C9002AB18299}.Release|Any CPU.ActiveCfg = Release|Any CPU
		{050E4A72-7F29-4868-B260-C9002AB18299}.Release|Any CPU.Build.0 = Release|Any CPU
		{050E4A72-7F29-4868-B260-C9002AB18299}.Release|x64.ActiveCfg = Release|Any CPU
		{050E4A72-7F29-4868-B260-C9002AB18299}.Release|x64.Build.0 = Release|Any CPU
		{BC9EDF7D-BD70-4E8F-98C5-FE01290E840C}.Debug|Any CPU.ActiveCfg = Debug|Any CPU
		{BC9EDF7D-BD70-4E8F-98C5-FE01290E840C}.Debug|Any CPU.Build.0 = Debug|Any CPU
		{BC9EDF7D-BD70-4E8F-98C5-FE01290E840C}.Debug|x64.ActiveCfg = Debug|Any CPU
		{BC9EDF7D-BD70-4E8F-98C5-FE01290E840C}.Debug|x64.Build.0 = Debug|Any CPU
		{BC9EDF7D-BD70-4E8F-98C5-FE01290E840C}.Release|Any CPU.ActiveCfg = Release|Any CPU
		{BC9EDF7D-BD70-4E8F-98C5-FE01290E840C}.Release|Any CPU.Build.0 = Release|Any CPU
		{BC9EDF7D-BD70-4E8F-98C5-FE01290E840C}.Release|x64.ActiveCfg = Release|Any CPU
		{BC9EDF7D-BD70-4E8F-98C5-FE01290E840C}.Release|x64.Build.0 = Release|Any CPU
		{D80D3B1D-4982-4A20-A63E-31759B035BE2}.Debug|Any CPU.ActiveCfg = Debug|Any CPU
		{D80D3B1D-4982-4A20-A63E-31759B035BE2}.Debug|Any CPU.Build.0 = Debug|Any CPU
		{D80D3B1D-4982-4A20-A63E-31759B035BE2}.Debug|x64.ActiveCfg = Debug|Any CPU
		{D80D3B1D-4982-4A20-A63E-31759B035BE2}.Debug|x64.Build.0 = Debug|Any CPU
		{D80D3B1D-4982-4A20-A63E-31759B035BE2}.Release|Any CPU.ActiveCfg = Release|Any CPU
		{D80D3B1D-4982-4A20-A63E-31759B035BE2}.Release|Any CPU.Build.0 = Release|Any CPU
		{D80D3B1D-4982-4A20-A63E-31759B035BE2}.Release|x64.ActiveCfg = Release|Any CPU
		{D80D3B1D-4982-4A20-A63E-31759B035BE2}.Release|x64.Build.0 = Release|Any CPU
	EndGlobalSection
	GlobalSection(SolutionProperties) = preSolution
		HideSolutionNode = FALSE
	EndGlobalSection
	GlobalSection(ExtensibilityGlobals) = postSolution
		SolutionGuid = {90908BE4-67BC-48DF-BE02-06C2C731C00E}
	EndGlobalSection
EndGlobal
